
Microsoft Visual Studio Solution File, Format Version 12.00
# Visual Studio Version 16
VisualStudioVersion = 16.0.30104.148
MinimumVisualStudioVersion = 10.0.40219.1
Project("{FAE04EC0-301F-11D3-BF4B-00C04F79EFBC}") = "QuanLyThuVien", "QuanLyThuVien\QuanLyThuVien.csproj", "{8ACBCB03-B99D-462C-9428-1427F60C5549}"
EndProject
Global
	GlobalSection(SolutionConfigurationPlatforms) = preSolution
		Debug|Any CPU = Debug|Any CPU
		Release|Any CPU = Release|Any CPU
	EndGlobalSection
	GlobalSection(ProjectConfigurationPlatforms) = postSolution
		{8ACBCB03-B99D-462C-9428-1427F60C5549}.Debug|Any CPU.ActiveCfg = Debug|Any CPU
		{8ACBCB03-B99D-462C-9428-1427F60C5549}.Debug|Any CPU.Build.0 = Debug|Any CPU
		{8ACBCB03-B99D-462C-9428-1427F60C5549}.Release|Any CPU.ActiveCfg = Release|Any CPU
		{8ACBCB03-B99D-462C-9428-1427F60C5549}.Release|Any CPU.Build.0 = Release|Any CPU
	EndGlobalSection
	GlobalSection(SolutionProperties) = preSolution
		HideSolutionNode = FALSE
	EndGlobalSection
	GlobalSection(ExtensibilityGlobals) = postSolution
		SolutionGuid = {5BA9AF32-8B03-450B-916C-DF5F7B6C6BD0}
	EndGlobalSection
EndGlobal
